
Microsoft Visual Studio Solution File, Format Version 12.00
# Visual Studio Version 17
VisualStudioVersion = 17.3.32929.385
MinimumVisualStudioVersion = 10.0.40219.1
Project("{FAE04EC0-301F-11D3-BF4B-00C04F79EFBC}") = "arrays", "arrays\arrays.csproj", "{1C0C477C-B635-454E-AFD3-7E5A68C83054}"
EndProject
Global
	GlobalSection(SolutionConfigurationPlatforms) = preSolution
		Debug|Any CPU = Debug|Any CPU
		Release|Any CPU = Release|Any CPU
	EndGlobalSection
	GlobalSection(ProjectConfigurationPlatforms) = postSolution
		{1C0C477C-B635-454E-AFD3-7E5A68C83054}.Debug|Any CPU.ActiveCfg = Debug|Any CPU
		{1C0C477C-B635-454E-AFD3-7E5A68C83054}.Debug|Any CPU.Build.0 = Debug|Any CPU
		{1C0C477C-B635-454E-AFD3-7E5A68C83054}.Release|Any CPU.ActiveCfg = Release|Any CPU
		{1C0C477C-B635-454E-AFD3-7E5A68C83054}.Release|Any CPU.Build.0 = Release|Any CPU
	EndGlobalSection
	GlobalSection(SolutionProperties) = preSolution
		HideSolutionNode = FALSE
	EndGlobalSection
	GlobalSection(ExtensibilityGlobals) = postSolution
		SolutionGuid = {9B76B0DF-7E6C-4301-8726-4AC092C2BC1C}
	EndGlobalSection
EndGlobal
