
Microsoft Visual Studio Solution File, Format Version 12.00
# Visual Studio Version 17
VisualStudioVersion = 17.3.32929.385
MinimumVisualStudioVersion = 10.0.40219.1
Project("{FAE04EC0-301F-11D3-BF4B-00C04F79EFBC}") = "Calculadora5-3-23", "Calculadora5-3-23\Calculadora5-3-23.csproj", "{FF4B6D93-19B6-4161-9DB5-C1DBBEC7AECC}"
EndProject
Global
	GlobalSection(SolutionConfigurationPlatforms) = preSolution
		Debug|Any CPU = Debug|Any CPU
		Release|Any CPU = Release|Any CPU
	EndGlobalSection
	GlobalSection(ProjectConfigurationPlatforms) = postSolution
		{FF4B6D93-19B6-4161-9DB5-C1DBBEC7AECC}.Debug|Any CPU.ActiveCfg = Debug|Any CPU
		{FF4B6D93-19B6-4161-9DB5-C1DBBEC7AECC}.Debug|Any CPU.Build.0 = Debug|Any CPU
		{FF4B6D93-19B6-4161-9DB5-C1DBBEC7AECC}.Release|Any CPU.ActiveCfg = Release|Any CPU
		{FF4B6D93-19B6-4161-9DB5-C1DBBEC7AECC}.Release|Any CPU.Build.0 = Release|Any CPU
	EndGlobalSection
	GlobalSection(SolutionProperties) = preSolution
		HideSolutionNode = FALSE
	EndGlobalSection
	GlobalSection(ExtensibilityGlobals) = postSolution
		SolutionGuid = {CBB49473-7F25-4EC6-9B9C-5AF4CE369E45}
	EndGlobalSection
EndGlobal
